
Microsoft Visual Studio Solution File, Format Version 12.00
# Visual Studio Version 16
VisualStudioVersion = 16.0.31112.23
MinimumVisualStudioVersion = 10.0.40219.1
Project("{FAE04EC0-301F-11D3-BF4B-00C04F79EFBC}") = "VivesBlog", "VivesBlog.csproj", "{FB402519-16D4-429B-A74A-C70910C9811D}"
EndProject
Global
	GlobalSection(SolutionConfigurationPlatforms) = preSolution
		Debug|Any CPU = Debug|Any CPU
		Release|Any CPU = Release|Any CPU
	EndGlobalSection
	GlobalSection(ProjectConfigurationPlatforms) = postSolution
		{FB402519-16D4-429B-A74A-C70910C9811D}.Debug|Any CPU.ActiveCfg = Debug|Any CPU
		{FB402519-16D4-429B-A74A-C70910C9811D}.Debug|Any CPU.Build.0 = Debug|Any CPU
		{FB402519-16D4-429B-A74A-C70910C9811D}.Release|Any CPU.ActiveCfg = Release|Any CPU
		{FB402519-16D4-429B-A74A-C70910C9811D}.Release|Any CPU.Build.0 = Release|Any CPU
	EndGlobalSection
	GlobalSection(SolutionProperties) = preSolution
		HideSolutionNode = FALSE
	EndGlobalSection
	GlobalSection(ExtensibilityGlobals) = postSolution
		SolutionGuid = {74BCB6F8-538D-4A55-B242-70EF061FC240}
	EndGlobalSection
EndGlobal
